
Microsoft Visual Studio Solution File, Format Version 10.00
# Visual C++ Express 2008
Project("{8BC9CEB8-8B4A-11D0-8D11-00A0C91BC942}") = "trainer_studio", "trainer_studio.2008.express.vcproj", "{6E6D00DA-4C3C-3D29-B101-992802FB03BA}"
EndProject
Global
	GlobalSection(SolutionConfigurationPlatforms) = preSolution
		Debug|Win32 = Debug|Win32
		Release|Win32 = Release|Win32
	EndGlobalSection
	GlobalSection(ProjectConfigurationPlatforms) = postSolution
		{6E6D00DA-4C3C-3D29-B101-992802FB03BA}.Debug|Win32.ActiveCfg = Debug|Win32
		{6E6D00DA-4C3C-3D29-B101-992802FB03BA}.Debug|Win32.Build.0 = Debug|Win32
		{6E6D00DA-4C3C-3D29-B101-992802FB03BA}.Release|Win32.ActiveCfg = Release|Win32
		{6E6D00DA-4C3C-3D29-B101-992802FB03BA}.Release|Win32.Build.0 = Release|Win32
	EndGlobalSection
	GlobalSection(SolutionProperties) = preSolution
		HideSolutionNode = FALSE
	EndGlobalSection
EndGlobal
