
Microsoft Visual Studio Solution File, Format Version 10.00
# Visual C++ Express 2008
Project("{8BC9CEB8-8B4A-11D0-8D11-00A0C91BC942}") = "TrainerStudio", "TrainerStudio.2008.express.vcproj", "{A5C728E3-1727-33E9-84F1-5C38B5288976}"
EndProject
Global
	GlobalSection(SolutionConfigurationPlatforms) = preSolution
		Debug|Win32 = Debug|Win32
		Release|Win32 = Release|Win32
	EndGlobalSection
	GlobalSection(ProjectConfigurationPlatforms) = postSolution
		{A5C728E3-1727-33E9-84F1-5C38B5288976}.Debug|Win32.ActiveCfg = Debug|Win32
		{A5C728E3-1727-33E9-84F1-5C38B5288976}.Debug|Win32.Build.0 = Debug|Win32
		{A5C728E3-1727-33E9-84F1-5C38B5288976}.Release|Win32.ActiveCfg = Release|Win32
		{A5C728E3-1727-33E9-84F1-5C38B5288976}.Release|Win32.Build.0 = Release|Win32
	EndGlobalSection
	GlobalSection(SolutionProperties) = preSolution
		HideSolutionNode = FALSE
	EndGlobalSection
EndGlobal
