
Microsoft Visual Studio Solution File, Format Version 10.00
# Visual C++ Express 2008
Project("{8BC9CEB8-8B4A-11D0-8D11-00A0C91BC942}") = "qjson", "qjson.2008.express.vcproj", "{E458E471-2A8B-3399-A872-594C700B52A8}"
EndProject
Global
	GlobalSection(SolutionConfigurationPlatforms) = preSolution
		Debug|Win32 = Debug|Win32
		Release|Win32 = Release|Win32
	EndGlobalSection
	GlobalSection(ProjectConfigurationPlatforms) = postSolution
		{E458E471-2A8B-3399-A872-594C700B52A8}.Debug|Win32.ActiveCfg = Debug|Win32
		{E458E471-2A8B-3399-A872-594C700B52A8}.Debug|Win32.Build.0 = Debug|Win32
		{E458E471-2A8B-3399-A872-594C700B52A8}.Release|Win32.ActiveCfg = Release|Win32
		{E458E471-2A8B-3399-A872-594C700B52A8}.Release|Win32.Build.0 = Release|Win32
	EndGlobalSection
	GlobalSection(SolutionProperties) = preSolution
		HideSolutionNode = FALSE
	EndGlobalSection
EndGlobal
